// !$*UTF8*$!
{
	archiveVersion = 1;
	classes = {
	};
	objectVersion = 48;
	objects = {

/* Begin PBXBuildFile section */
		86B273AC1FC664BF00E39B6B /* decoded.cpp in Sources */ = {isa = PBXBuildFile; fileRef = 86B273AB1FC664BF00E39B6B /* decoded.cpp */; };
		86B273AE1FC6696C00E39B6B /* simulator.cpp in Sources */ = {isa = PBXBuildFile; fileRef = 86B273AD1FC6696C00E39B6B /* simulator.cpp */; };
		86E817D91FC4177F00141998 /* main.cpp in Sources */ = {isa = PBXBuildFile; fileRef = 86E817D81FC4177F00141998 /* main.cpp */; };
		86FCD2AD1FC417E1001DEC76 /* prepare.cpp in Sources */ = {isa = PBXBuildFile; fileRef = 86FCD2AB1FC417E1001DEC76 /* prepare.cpp */; };
		86FCD2B11FC45722001DEC76 /* ListOperation.cpp in Sources */ = {isa = PBXBuildFile; fileRef = 86FCD2B01FC45722001DEC76 /* ListOperation.cpp */; };
		86FCD2B41FC5620C001DEC76 /* dataBlock.cpp in Sources */ = {isa = PBXBuildFile; fileRef = 86FCD2B21FC5620C001DEC76 /* dataBlock.cpp */; };
		86FCD2B61FC571BA001DEC76 /* matrixOperation.cpp in Sources */ = {isa = PBXBuildFile; fileRef = 86FCD2B51FC571BA001DEC76 /* matrixOperation.cpp */; };
/* End PBXBuildFile section */

/* Begin PBXCopyFilesBuildPhase section */
		86E817D31FC4177F00141998 /* CopyFiles */ = {
			isa = PBXCopyFilesBuildPhase;
			buildActionMask = 2147483647;
			dstPath = /usr/share/man/man1/;
			dstSubfolderSpec = 0;
			files = (
			);
			runOnlyForDeploymentPostprocessing = 1;
		};
/* End PBXCopyFilesBuildPhase section */

/* Begin PBXFileReference section */
		86B273AB1FC664BF00E39B6B /* decoded.cpp */ = {isa = PBXFileReference; lastKnownFileType = sourcecode.cpp.cpp; path = decoded.cpp; sourceTree = "<group>"; };
		86B273AD1FC6696C00E39B6B /* simulator.cpp */ = {isa = PBXFileReference; lastKnownFileType = sourcecode.cpp.cpp; path = simulator.cpp; sourceTree = "<group>"; };
		86E817D51FC4177F00141998 /* Erasure Code */ = {isa = PBXFileReference; explicitFileType = "compiled.mach-o.executable"; includeInIndex = 0; path = "Erasure Code"; sourceTree = BUILT_PRODUCTS_DIR; };
		86E817D81FC4177F00141998 /* main.cpp */ = {isa = PBXFileReference; lastKnownFileType = sourcecode.cpp.cpp; path = main.cpp; sourceTree = "<group>"; };
		86FCD2AB1FC417E1001DEC76 /* prepare.cpp */ = {isa = PBXFileReference; lastKnownFileType = sourcecode.cpp.cpp; path = prepare.cpp; sourceTree = "<group>"; };
		86FCD2AE1FC424F1001DEC76 /* functions.h */ = {isa = PBXFileReference; lastKnownFileType = sourcecode.c.h; path = functions.h; sourceTree = "<group>"; };
		86FCD2AF1FC455D8001DEC76 /* List.h */ = {isa = PBXFileReference; lastKnownFileType = sourcecode.c.h; path = List.h; sourceTree = "<group>"; };
		86FCD2B01FC45722001DEC76 /* ListOperation.cpp */ = {isa = PBXFileReference; lastKnownFileType = sourcecode.cpp.cpp; path = ListOperation.cpp; sourceTree = "<group>"; };
		86FCD2B21FC5620C001DEC76 /* dataBlock.cpp */ = {isa = PBXFileReference; lastKnownFileType = sourcecode.cpp.cpp; path = dataBlock.cpp; sourceTree = "<group>"; };
		86FCD2B31FC5620C001DEC76 /* dataBlock.hpp */ = {isa = PBXFileReference; lastKnownFileType = sourcecode.cpp.h; path = dataBlock.hpp; sourceTree = "<group>"; };
		86FCD2B51FC571BA001DEC76 /* matrixOperation.cpp */ = {isa = PBXFileReference; lastKnownFileType = sourcecode.cpp.cpp; path = matrixOperation.cpp; sourceTree = "<group>"; };
/* End PBXFileReference section */

/* Begin PBXFrameworksBuildPhase section */
		86E817D21FC4177F00141998 /* Frameworks */ = {
			isa = PBXFrameworksBuildPhase;
			buildActionMask = 2147483647;
			files = (
			);
			runOnlyForDeploymentPostprocessing = 0;
		};
/* End PBXFrameworksBuildPhase section */

/* Begin PBXGroup section */
		86E817CC1FC4177F00141998 = {
			isa = PBXGroup;
			children = (
				86E817D71FC4177F00141998 /* Erasure Code */,
				86E817D61FC4177F00141998 /* Products */,
			);
			sourceTree = "<group>";
		};
		86E817D61FC4177F00141998 /* Products */ = {
			isa = PBXGroup;
			children = (
				86E817D51FC4177F00141998 /* Erasure Code */,
			);
			name = Products;
			sourceTree = "<group>";
		};
		86E817D71FC4177F00141998 /* Erasure Code */ = {
			isa = PBXGroup;
			children = (
				86E817D81FC4177F00141998 /* main.cpp */,
				86FCD2AB1FC417E1001DEC76 /* prepare.cpp */,
				86FCD2AE1FC424F1001DEC76 /* functions.h */,
				86FCD2AF1FC455D8001DEC76 /* List.h */,
				86FCD2B01FC45722001DEC76 /* ListOperation.cpp */,
				86FCD2B21FC5620C001DEC76 /* dataBlock.cpp */,
				86FCD2B31FC5620C001DEC76 /* dataBlock.hpp */,
				86FCD2B51FC571BA001DEC76 /* matrixOperation.cpp */,
				86B273AB1FC664BF00E39B6B /* decoded.cpp */,
				86B273AD1FC6696C00E39B6B /* simulator.cpp */,
			);
			path = "Erasure Code";
			sourceTree = "<group>";
		};
/* End PBXGroup section */

/* Begin PBXNativeTarget section */
		86E817D41FC4177F00141998 /* Erasure Code */ = {
			isa = PBXNativeTarget;
			buildConfigurationList = 86E817DC1FC4177F00141998 /* Build configuration list for PBXNativeTarget "Erasure Code" */;
			buildPhases = (
				86E817D11FC4177F00141998 /* Sources */,
				86E817D21FC4177F00141998 /* Frameworks */,
				86E817D31FC4177F00141998 /* CopyFiles */,
			);
			buildRules = (
			);
			dependencies = (
			);
			name = "Erasure Code";
			productName = "Erasure Code";
			productReference = 86E817D51FC4177F00141998 /* Erasure Code */;
			productType = "com.apple.product-type.tool";
		};
/* End PBXNativeTarget section */

/* Begin PBXProject section */
		86E817CD1FC4177F00141998 /* Project object */ = {
			isa = PBXProject;
			attributes = {
				LastUpgradeCheck = 0900;
				ORGANIZATIONNAME = "Jerry Wang";
				TargetAttributes = {
					86E817D41FC4177F00141998 = {
						CreatedOnToolsVersion = 9.0;
						ProvisioningStyle = Automatic;
					};
				};
			};
			buildConfigurationList = 86E817D01FC4177F00141998 /* Build configuration list for PBXProject "Erasure Code" */;
			compatibilityVersion = "Xcode 8.0";
			developmentRegion = en;
			hasScannedForEncodings = 0;
			knownRegions = (
				en,
			);
			mainGroup = 86E817CC1FC4177F00141998;
			productRefGroup = 86E817D61FC4177F00141998 /* Products */;
			projectDirPath = "";
			projectRoot = "";
			targets = (
				86E817D41FC4177F00141998 /* Erasure Code */,
			);
		};
/* End PBXProject section */

/* Begin PBXSourcesBuildPhase section */
		86E817D11FC4177F00141998 /* Sources */ = {
			isa = PBXSourcesBuildPhase;
			buildActionMask = 2147483647;
			files = (
				86E817D91FC4177F00141998 /* main.cpp in Sources */,
				86B273AE1FC6696C00E39B6B /* simulator.cpp in Sources */,
				86FCD2AD1FC417E1001DEC76 /* prepare.cpp in Sources */,
				86B273AC1FC664BF00E39B6B /* decoded.cpp in Sources */,
				86FCD2B61FC571BA001DEC76 /* matrixOperation.cpp in Sources */,
				86FCD2B11FC45722001DEC76 /* ListOperation.cpp in Sources */,
				86FCD2B41FC5620C001DEC76 /* dataBlock.cpp in Sources */,
			);
			runOnlyForDeploymentPostprocessing = 0;
		};
/* End PBXSourcesBuildPhase section */

/* Begin XCBuildConfiguration section */
		86E817DA1FC4177F00141998 /* Debug */ = {
			isa = XCBuildConfiguration;
			buildSettings = {
				ALWAYS_SEARCH_USER_PATHS = NO;
				CLANG_ANALYZER_NONNULL = YES;
				CLANG_ANALYZER_NUMBER_OBJECT_CONVERSION = YES_AGGRESSIVE;
				CLANG_CXX_LANGUAGE_STANDARD = "gnu++14";
				CLANG_CXX_LIBRARY = "libc++";
				CLANG_ENABLE_MODULES = YES;
				CLANG_ENABLE_OBJC_ARC = YES;
				CLANG_WARN_BLOCK_CAPTURE_AUTORELEASING = YES;
				CLANG_WARN_BOOL_CONVERSION = YES;
				CLANG_WARN_COMMA = YES;
				CLANG_WARN_CONSTANT_CONVERSION = YES;
				CLANG_WARN_DIRECT_OBJC_ISA_USAGE = YES_ERROR;
				CLANG_WARN_DOCUMENTATION_COMMENTS = YES;
				CLANG_WARN_EMPTY_BODY = YES;
				CLANG_WARN_ENUM_CONVERSION = YES;
				CLANG_WARN_INFINITE_RECURSION = YES;
				CLANG_WARN_INT_CONVERSION = YES;
				CLANG_WARN_NON_LITERAL_NULL_CONVERSION = YES;
				CLANG_WARN_OBJC_LITERAL_CONVERSION = YES;
				CLANG_WARN_OBJC_ROOT_CLASS = YES_ERROR;
				CLANG_WARN_RANGE_LOOP_ANALYSIS = YES;
				CLANG_WARN_STRICT_PROTOTYPES = YES;
				CLANG_WARN_SUSPICIOUS_MOVE = YES;
				CLANG_WARN_UNGUARDED_AVAILABILITY = YES_AGGRESSIVE;
				CLANG_WARN_UNREACHABLE_CODE = YES;
				CLANG_WARN__DUPLICATE_METHOD_MATCH = YES;
				CODE_SIGN_IDENTITY = "Mac Developer";
				COPY_PHASE_STRIP = NO;
				DEBUG_INFORMATION_FORMAT = dwarf;
				ENABLE_STRICT_OBJC_MSGSEND = YES;
				ENABLE_TESTABILITY = YES;
				GCC_C_LANGUAGE_STANDARD = gnu11;
				GCC_DYNAMIC_NO_PIC = NO;
				GCC_NO_COMMON_BLOCKS = YES;
				GCC_OPTIMIZATION_LEVEL = 0;
				GCC_PREPROCESSOR_DEFINITIONS = (
					"DEBUG=1",
					"$(inherited)",
				);
				GCC_WARN_64_TO_32_BIT_CONVERSION = YES;
				GCC_WARN_ABOUT_RETURN_TYPE = YES_ERROR;
				GCC_WARN_UNDECLARED_SELECTOR = YES;
				GCC_WARN_UNINITIALIZED_AUTOS = YES_AGGRESSIVE;
				GCC_WARN_UNUSED_FUNCTION = YES;
				GCC_WARN_UNUSED_VARIABLE = YES;
				MACOSX_DEPLOYMENT_TARGET = 10.12;
				MTL_ENABLE_DEBUG_INFO = YES;
				ONLY_ACTIVE_ARCH = YES;
				SDKROOT = macosx;
			};
			name = Debug;
		};
		86E817DB1FC4177F00141998 /* Release */ = {
			isa = XCBuildConfiguration;
			buildSettings = {
				ALWAYS_SEARCH_USER_PATHS = NO;
				CLANG_ANALYZER_NONNULL = YES;
				CLANG_ANALYZER_NUMBER_OBJECT_CONVERSION = YES_AGGRESSIVE;
				CLANG_CXX_LANGUAGE_STANDARD = "gnu++14";
				CLANG_CXX_LIBRARY = "libc++";
				CLANG_ENABLE_MODULES = YES;
				CLANG_ENABLE_OBJC_ARC = YES;
				CLANG_WARN_BLOCK_CAPTURE_AUTORELEASING = YES;
				CLANG_WARN_BOOL_CONVERSION = YES;
				CLANG_WARN_COMMA = YES;
				CLANG_WARN_CONSTANT_CONVERSION = YES;
				CLANG_WARN_DIRECT_OBJC_ISA_USAGE = YES_ERROR;
				CLANG_WARN_DOCUMENTATION_COMMENTS = YES;
				CLANG_WARN_EMPTY_BODY = YES;
				CLANG_WARN_ENUM_CONVERSION = YES;
				CLANG_WARN_INFINITE_RECURSION = YES;
				CLANG_WARN_INT_CONVERSION = YES;
				CLANG_WARN_NON_LITERAL_NULL_CONVERSION = YES;
				CLANG_WARN_OBJC_LITERAL_CONVERSION = YES;
				CLANG_WARN_OBJC_ROOT_CLASS = YES_ERROR;
				CLANG_WARN_RANGE_LOOP_ANALYSIS = YES;
				CLANG_WARN_STRICT_PROTOTYPES = YES;
				CLANG_WARN_SUSPICIOUS_MOVE = YES;
				CLANG_WARN_UNGUARDED_AVAILABILITY = YES_AGGRESSIVE;
				CLANG_WARN_UNREACHABLE_CODE = YES;
				CLANG_WARN__DUPLICATE_METHOD_MATCH = YES;
				CODE_SIGN_IDENTITY = "Mac Developer";
				COPY_PHASE_STRIP = NO;
				DEBUG_INFORMATION_FORMAT = "dwarf-with-dsym";
				ENABLE_NS_ASSERTIONS = NO;
				ENABLE_STRICT_OBJC_MSGSEND = YES;
				GCC_C_LANGUAGE_STANDARD = gnu11;
				GCC_NO_COMMON_BLOCKS = YES;
				GCC_WARN_64_TO_32_BIT_CONVERSION = YES;
				GCC_WARN_ABOUT_RETURN_TYPE = YES_ERROR;
				GCC_WARN_UNDECLARED_SELECTOR = YES;
				GCC_WARN_UNINITIALIZED_AUTOS = YES_AGGRESSIVE;
				GCC_WARN_UNUSED_FUNCTION = YES;
				GCC_WARN_UNUSED_VARIABLE = YES;
				MACOSX_DEPLOYMENT_TARGET = 10.12;
				MTL_ENABLE_DEBUG_INFO = NO;
				SDKROOT = macosx;
			};
			name = Release;
		};
		86E817DD1FC4177F00141998 /* Debug */ = {
			isa = XCBuildConfiguration;
			buildSettings = {
				CODE_SIGN_STYLE = Automatic;
				DEVELOPMENT_TEAM = 4NYE748QE2;
				PRODUCT_NAME = "$(TARGET_NAME)";
			};
			name = Debug;
		};
		86E817DE1FC4177F00141998 /* Release */ = {
			isa = XCBuildConfiguration;
			buildSettings = {
				CODE_SIGN_STYLE = Automatic;
				DEVELOPMENT_TEAM = 4NYE748QE2;
				PRODUCT_NAME = "$(TARGET_NAME)";
			};
			name = Release;
		};
/* End XCBuildConfiguration section */

/* Begin XCConfigurationList section */
		86E817D01FC4177F00141998 /* Build configuration list for PBXProject "Erasure Code" */ = {
			isa = XCConfigurationList;
			buildConfigurations = (
				86E817DA1FC4177F00141998 /* Debug */,
				86E817DB1FC4177F00141998 /* Release */,
			);
			defaultConfigurationIsVisible = 0;
			defaultConfigurationName = Release;
		};
		86E817DC1FC4177F00141998 /* Build configuration list for PBXNativeTarget "Erasure Code" */ = {
			isa = XCConfigurationList;
			buildConfigurations = (
				86E817DD1FC4177F00141998 /* Debug */,
				86E817DE1FC4177F00141998 /* Release */,
			);
			defaultConfigurationIsVisible = 0;
			defaultConfigurationName = Release;
		};
/* End XCConfigurationList section */
	};
	rootObject = 86E817CD1FC4177F00141998 /* Project object */;
}
